
Microsoft Visual Studio Solution File, Format Version 12.00
# Visual Studio Version 17
VisualStudioVersion = 17.8.34511.84
MinimumVisualStudioVersion = 10.0.40219.1
Project("{9A19103F-16F7-4668-BE54-9A1E7A4F7556}") = "MVC-BulkyBookWeb", "MVC-BulkyCompleteCRUD\MVC-BulkyBookWeb.csproj", "{9898558F-FAF2-4D3E-8CB7-F377BCA2B78B}"
EndProject
Project("{FAE04EC0-301F-11D3-BF4B-00C04F79EFBC}") = "BulkyBook.DataAccess", "BulkyBook.DataAccess\BulkyBook.DataAccess.csproj", "{5EE4D323-C86B-4FA8-8A67-0C5127FCF6D7}"
EndProject
Project("{FAE04EC0-301F-11D3-BF4B-00C04F79EFBC}") = "BulkyBook.Models", "BulkyBook.Models\BulkyBook.Models.csproj", "{59744F94-C3A6-41D8-B356-CCDB88A79E8D}"
EndProject
Project("{FAE04EC0-301F-11D3-BF4B-00C04F79EFBC}") = "BulkyBook.Utility", "BulkyBook.Utility\BulkyBook.Utility.csproj", "{44A78F29-5476-48C6-85C9-6121714D8FAE}"
EndProject
Global
	GlobalSection(SolutionConfigurationPlatforms) = preSolution
		Debug|Any CPU = Debug|Any CPU
		Release|Any CPU = Release|Any CPU
	EndGlobalSection
	GlobalSection(ProjectConfigurationPlatforms) = postSolution
		{9898558F-FAF2-4D3E-8CB7-F377BCA2B78B}.Debug|Any CPU.ActiveCfg = Debug|Any CPU
		{9898558F-FAF2-4D3E-8CB7-F377BCA2B78B}.Debug|Any CPU.Build.0 = Debug|Any CPU
		{9898558F-FAF2-4D3E-8CB7-F377BCA2B78B}.Release|Any CPU.ActiveCfg = Release|Any CPU
		{9898558F-FAF2-4D3E-8CB7-F377BCA2B78B}.Release|Any CPU.Build.0 = Release|Any CPU
		{5EE4D323-C86B-4FA8-8A67-0C5127FCF6D7}.Debug|Any CPU.ActiveCfg = Debug|Any CPU
		{5EE4D323-C86B-4FA8-8A67-0C5127FCF6D7}.Debug|Any CPU.Build.0 = Debug|Any CPU
		{5EE4D323-C86B-4FA8-8A67-0C5127FCF6D7}.Release|Any CPU.ActiveCfg = Release|Any CPU
		{5EE4D323-C86B-4FA8-8A67-0C5127FCF6D7}.Release|Any CPU.Build.0 = Release|Any CPU
		{59744F94-C3A6-41D8-B356-CCDB88A79E8D}.Debug|Any CPU.ActiveCfg = Debug|Any CPU
		{59744F94-C3A6-41D8-B356-CCDB88A79E8D}.Debug|Any CPU.Build.0 = Debug|Any CPU
		{59744F94-C3A6-41D8-B356-CCDB88A79E8D}.Release|Any CPU.ActiveCfg = Release|Any CPU
		{59744F94-C3A6-41D8-B356-CCDB88A79E8D}.Release|Any CPU.Build.0 = Release|Any CPU
		{44A78F29-5476-48C6-85C9-6121714D8FAE}.Debug|Any CPU.ActiveCfg = Debug|Any CPU
		{44A78F29-5476-48C6-85C9-6121714D8FAE}.Debug|Any CPU.Build.0 = Debug|Any CPU
		{44A78F29-5476-48C6-85C9-6121714D8FAE}.Release|Any CPU.ActiveCfg = Release|Any CPU
		{44A78F29-5476-48C6-85C9-6121714D8FAE}.Release|Any CPU.Build.0 = Release|Any CPU
	EndGlobalSection
	GlobalSection(SolutionProperties) = preSolution
		HideSolutionNode = FALSE
	EndGlobalSection
	GlobalSection(ExtensibilityGlobals) = postSolution
		SolutionGuid = {A5777E7D-A842-42C6-801A-F41F542032A7}
	EndGlobalSection
EndGlobal
